
Microsoft Visual Studio Solution File, Format Version 12.00
# Visual Studio Version 16
VisualStudioVersion = 25.0.1706.1
MinimumVisualStudioVersion = 10.0.40219.1
Project("{FAE04EC0-301F-11D3-BF4B-00C04F79EFBC}") = "Coffee Shop Registration", "Coffee Shop Registration\Coffee Shop Registration.csproj", "{B77D7AE1-2BAE-43E9-941C-BE86C0E86090}"
EndProject
Global
	GlobalSection(SolutionConfigurationPlatforms) = preSolution
		Debug|Any CPU = Debug|Any CPU
		Release|Any CPU = Release|Any CPU
	EndGlobalSection
	GlobalSection(ProjectConfigurationPlatforms) = postSolution
		{B77D7AE1-2BAE-43E9-941C-BE86C0E86090}.Debug|Any CPU.ActiveCfg = Debug|Any CPU
		{B77D7AE1-2BAE-43E9-941C-BE86C0E86090}.Debug|Any CPU.Build.0 = Debug|Any CPU
		{B77D7AE1-2BAE-43E9-941C-BE86C0E86090}.Release|Any CPU.ActiveCfg = Release|Any CPU
		{B77D7AE1-2BAE-43E9-941C-BE86C0E86090}.Release|Any CPU.Build.0 = Release|Any CPU
	EndGlobalSection
	GlobalSection(SolutionProperties) = preSolution
		HideSolutionNode = FALSE
	EndGlobalSection
	GlobalSection(ExtensibilityGlobals) = postSolution
		SolutionGuid = {E3AA24D4-BB00-4B26-A75F-F087190F5A88}
	EndGlobalSection
EndGlobal
